
Microsoft Visual Studio Solution File, Format Version 12.00
# Visual Studio Version 17
VisualStudioVersion = 17.8.34309.116
MinimumVisualStudioVersion = 10.0.40219.1
Project("{FAE04EC0-301F-11D3-BF4B-00C04F79EFBC}") = "66840_Mehmet_Said_Unlu_T9", "66840_Mehmet_Said_Unlu_T9\66840_Mehmet_Said_Unlu_T9.csproj", "{D21DAE84-422B-4A46-9625-B233CB559805}"
EndProject
Global
	GlobalSection(SolutionConfigurationPlatforms) = preSolution
		Debug|Any CPU = Debug|Any CPU
		Release|Any CPU = Release|Any CPU
	EndGlobalSection
	GlobalSection(ProjectConfigurationPlatforms) = postSolution
		{D21DAE84-422B-4A46-9625-B233CB559805}.Debug|Any CPU.ActiveCfg = Debug|Any CPU
		{D21DAE84-422B-4A46-9625-B233CB559805}.Debug|Any CPU.Build.0 = Debug|Any CPU
		{D21DAE84-422B-4A46-9625-B233CB559805}.Release|Any CPU.ActiveCfg = Release|Any CPU
		{D21DAE84-422B-4A46-9625-B233CB559805}.Release|Any CPU.Build.0 = Release|Any CPU
	EndGlobalSection
	GlobalSection(SolutionProperties) = preSolution
		HideSolutionNode = FALSE
	EndGlobalSection
	GlobalSection(ExtensibilityGlobals) = postSolution
		SolutionGuid = {717AE45F-F453-464B-ACDF-1C4B4DFF5CB6}
	EndGlobalSection
EndGlobal
